{
  "object": {
    "pins": [
      {
        "package": "semver",
        "repositoryURL": "https://github.com/sersoft-gmbh/semver.git",
        "state": {
          "branch": null,
          "revision": "767611922002e126fe42c969dc908fad4f4865dd",
          "version": "3.2.0"
        }
      }
    ]
  },
  "version": 1
}
