{
  "object": {
    "pins": [
      {
        "package": "SemVer",
        "repositoryURL": "https://github.com/sersoft-gmbh/semver.git",
        "state": {
          "branch": null,
          "revision": "aa5039f04bb185aa73b0f3c2df809273adee6434",
          "version": "2.2.1"
        }
      }
    ]
  },
  "version": 1
}
